
Microsoft Visual Studio Solution File, Format Version 12.00
# Visual Studio Version 16
VisualStudioVersion = 16.0.28711.60
MinimumVisualStudioVersion = 10.0.40219.1
Project("{2150E333-8FDC-42A3-9474-1A3956D46DE8}") = "src", "src", "{97624CD0-BD0B-403C-B499-9724A09AD24C}"
EndProject
Project("{2150E333-8FDC-42A3-9474-1A3956D46DE8}") = "test", "test", "{65FD4D76-C981-4E62-BE6A-6C0D325D5E39}"
EndProject
Project("{2150E333-8FDC-42A3-9474-1A3956D46DE8}") = "doc", "doc", "{736CD13B-5059-4605-9DF7-F144A711D360}"
	ProjectSection(SolutionItems) = preProject
		.gitignore = .gitignore
		azure-pipelines.yml = azure-pipelines.yml
		LICENSE = LICENSE
		README.md = README.md
	EndProjectSection
EndProject
Project("{2150E333-8FDC-42A3-9474-1A3956D46DE8}") = "deploy", "deploy", "{259B7A88-0E88-44AC-97CB-AB579BD7AFD9}"
EndProject
Project("{FAE04EC0-301F-11D3-BF4B-00C04F79EFBC}") = "WebhookController", "src\WebhookController\WebhookController.csproj", "{B7908C6E-8EA4-4077-B1A0-AE3C4E364D3F}"
EndProject
Global
	GlobalSection(SolutionConfigurationPlatforms) = preSolution
		Debug|Any CPU = Debug|Any CPU
		Release|Any CPU = Release|Any CPU
	EndGlobalSection
	GlobalSection(ProjectConfigurationPlatforms) = postSolution
		{B7908C6E-8EA4-4077-B1A0-AE3C4E364D3F}.Debug|Any CPU.ActiveCfg = Debug|Any CPU
		{B7908C6E-8EA4-4077-B1A0-AE3C4E364D3F}.Debug|Any CPU.Build.0 = Debug|Any CPU
		{B7908C6E-8EA4-4077-B1A0-AE3C4E364D3F}.Release|Any CPU.ActiveCfg = Release|Any CPU
		{B7908C6E-8EA4-4077-B1A0-AE3C4E364D3F}.Release|Any CPU.Build.0 = Release|Any CPU
	EndGlobalSection
	GlobalSection(SolutionProperties) = preSolution
		HideSolutionNode = FALSE
	EndGlobalSection
	GlobalSection(NestedProjects) = preSolution
		{B7908C6E-8EA4-4077-B1A0-AE3C4E364D3F} = {97624CD0-BD0B-403C-B499-9724A09AD24C}
	EndGlobalSection
	GlobalSection(ExtensibilityGlobals) = postSolution
		SolutionGuid = {7116710A-7D27-4B61-BF4E-1B2F966352A2}
	EndGlobalSection
EndGlobal
